
Microsoft Visual Studio Solution File, Format Version 12.00
# Visual Studio 2013
VisualStudioVersion = 12.0.21005.1
MinimumVisualStudioVersion = 10.0.40219.1
Project("{8BC9CEB8-8B4A-11D0-8D11-00A0C91BC942}") = "Проект2", "Проект2\Проект2.vcxproj", "{305D1EC3-0CF0-4176-B5B6-C4FE3F52128C}"
EndProject
Global
	GlobalSection(SolutionConfigurationPlatforms) = preSolution
		Debug|Win32 = Debug|Win32
		Release|Win32 = Release|Win32
	EndGlobalSection
	GlobalSection(ProjectConfigurationPlatforms) = postSolution
		{305D1EC3-0CF0-4176-B5B6-C4FE3F52128C}.Debug|Win32.ActiveCfg = Debug|Win32
		{305D1EC3-0CF0-4176-B5B6-C4FE3F52128C}.Debug|Win32.Build.0 = Debug|Win32
		{305D1EC3-0CF0-4176-B5B6-C4FE3F52128C}.Release|Win32.ActiveCfg = Release|Win32
		{305D1EC3-0CF0-4176-B5B6-C4FE3F52128C}.Release|Win32.Build.0 = Release|Win32
	EndGlobalSection
	GlobalSection(SolutionProperties) = preSolution
		HideSolutionNode = FALSE
	EndGlobalSection
EndGlobal
