
Microsoft Visual Studio Solution File, Format Version 12.00
# Visual Studio 2013
VisualStudioVersion = 12.0.21005.1
MinimumVisualStudioVersion = 10.0.40219.1
Project("{8BC9CEB8-8B4A-11D0-8D11-00A0C91BC942}") = "Проект5", "Проект5\Проект5.vcxproj", "{BAE450BC-DA2C-4F0E-B2AF-55756B6CADFF}"
EndProject
Global
	GlobalSection(SolutionConfigurationPlatforms) = preSolution
		Debug|Win32 = Debug|Win32
		Release|Win32 = Release|Win32
	EndGlobalSection
	GlobalSection(ProjectConfigurationPlatforms) = postSolution
		{BAE450BC-DA2C-4F0E-B2AF-55756B6CADFF}.Debug|Win32.ActiveCfg = Debug|Win32
		{BAE450BC-DA2C-4F0E-B2AF-55756B6CADFF}.Debug|Win32.Build.0 = Debug|Win32
		{BAE450BC-DA2C-4F0E-B2AF-55756B6CADFF}.Release|Win32.ActiveCfg = Release|Win32
		{BAE450BC-DA2C-4F0E-B2AF-55756B6CADFF}.Release|Win32.Build.0 = Release|Win32
	EndGlobalSection
	GlobalSection(SolutionProperties) = preSolution
		HideSolutionNode = FALSE
	EndGlobalSection
EndGlobal
